// !$*UTF8*$!
{
	archiveVersion = 1;
	classes = {
	};
	objectVersion = 50;
	objects = {

/* Begin PBXBuildFile section */
		DE878B4D269C064600405D5A /* AppDelegate.swift in Sources */ = {isa = PBXBuildFile; fileRef = DE878B4C269C064600405D5A /* AppDelegate.swift */; };
		DE878B4F269C064600405D5A /* SceneDelegate.swift in Sources */ = {isa = PBXBuildFile; fileRef = DE878B4E269C064600405D5A /* SceneDelegate.swift */; };
		DE878B51269C064600405D5A /* ViewController.swift in Sources */ = {isa = PBXBuildFile; fileRef = DE878B50269C064600405D5A /* ViewController.swift */; };
		DE878B54269C064600405D5A /* Main.storyboard in Resources */ = {isa = PBXBuildFile; fileRef = DE878B52269C064600405D5A /* Main.storyboard */; };
		DE878B56269C064C00405D5A /* Assets.xcassets in Resources */ = {isa = PBXBuildFile; fileRef = DE878B55269C064C00405D5A /* Assets.xcassets */; };
		DE878B59269C064C00405D5A /* LaunchScreen.storyboard in Resources */ = {isa = PBXBuildFile; fileRef = DE878B57269C064C00405D5A /* LaunchScreen.storyboard */; };
		DE878B64269C064D00405D5A /* NotesAppTests.swift in Sources */ = {isa = PBXBuildFile; fileRef = DE878B63269C064D00405D5A /* NotesAppTests.swift */; };
		DE878B6F269C064D00405D5A /* NotesAppUITests.swift in Sources */ = {isa = PBXBuildFile; fileRef = DE878B6E269C064D00405D5A /* NotesAppUITests.swift */; };
		DE878B7D269C0AF100405D5A /* LoginVC.swift in Sources */ = {isa = PBXBuildFile; fileRef = DE878B7C269C0AF100405D5A /* LoginVC.swift */; };
		DE878B7F269C0BC300405D5A /* FileVC.swift in Sources */ = {isa = PBXBuildFile; fileRef = DE878B7E269C0BC300405D5A /* FileVC.swift */; };
		DE878B83269C0CF000405D5A /* ContentVC.swift in Sources */ = {isa = PBXBuildFile; fileRef = DE878B82269C0CF000405D5A /* ContentVC.swift */; };
/* End PBXBuildFile section */

/* Begin PBXContainerItemProxy section */
		DE878B60269C064D00405D5A /* PBXContainerItemProxy */ = {
			isa = PBXContainerItemProxy;
			containerPortal = DE878B41269C064600405D5A /* Project object */;
			proxyType = 1;
			remoteGlobalIDString = DE878B48269C064600405D5A;
			remoteInfo = NotesApp;
		};
		DE878B6B269C064D00405D5A /* PBXContainerItemProxy */ = {
			isa = PBXContainerItemProxy;
			containerPortal = DE878B41269C064600405D5A /* Project object */;
			proxyType = 1;
			remoteGlobalIDString = DE878B48269C064600405D5A;
			remoteInfo = NotesApp;
		};
/* End PBXContainerItemProxy section */

/* Begin PBXFileReference section */
		DE878B49269C064600405D5A /* NotesApp.app */ = {isa = PBXFileReference; explicitFileType = wrapper.application; includeInIndex = 0; path = NotesApp.app; sourceTree = BUILT_PRODUCTS_DIR; };
		DE878B4C269C064600405D5A /* AppDelegate.swift */ = {isa = PBXFileReference; lastKnownFileType = sourcecode.swift; path = AppDelegate.swift; sourceTree = "<group>"; };
		DE878B4E269C064600405D5A /* SceneDelegate.swift */ = {isa = PBXFileReference; lastKnownFileType = sourcecode.swift; path = SceneDelegate.swift; sourceTree = "<group>"; };
		DE878B50269C064600405D5A /* ViewController.swift */ = {isa = PBXFileReference; lastKnownFileType = sourcecode.swift; path = ViewController.swift; sourceTree = "<group>"; };
		DE878B53269C064600405D5A /* Base */ = {isa = PBXFileReference; lastKnownFileType = file.storyboard; name = Base; path = Base.lproj/Main.storyboard; sourceTree = "<group>"; };
		DE878B55269C064C00405D5A /* Assets.xcassets */ = {isa = PBXFileReference; lastKnownFileType = folder.assetcatalog; path = Assets.xcassets; sourceTree = "<group>"; };
		DE878B58269C064C00405D5A /* Base */ = {isa = PBXFileReference; lastKnownFileType = file.storyboard; name = Base; path = Base.lproj/LaunchScreen.storyboard; sourceTree = "<group>"; };
		DE878B5A269C064C00405D5A /* Info.plist */ = {isa = PBXFileReference; lastKnownFileType = text.plist.xml; path = Info.plist; sourceTree = "<group>"; };
		DE878B5F269C064D00405D5A /* NotesAppTests.xctest */ = {isa = PBXFileReference; explicitFileType = wrapper.cfbundle; includeInIndex = 0; path = NotesAppTests.xctest; sourceTree = BUILT_PRODUCTS_DIR; };
		DE878B63269C064D00405D5A /* NotesAppTests.swift */ = {isa = PBXFileReference; lastKnownFileType = sourcecode.swift; path = NotesAppTests.swift; sourceTree = "<group>"; };
		DE878B65269C064D00405D5A /* Info.plist */ = {isa = PBXFileReference; lastKnownFileType = text.plist.xml; path = Info.plist; sourceTree = "<group>"; };
		DE878B6A269C064D00405D5A /* NotesAppUITests.xctest */ = {isa = PBXFileReference; explicitFileType = wrapper.cfbundle; includeInIndex = 0; path = NotesAppUITests.xctest; sourceTree = BUILT_PRODUCTS_DIR; };
		DE878B6E269C064D00405D5A /* NotesAppUITests.swift */ = {isa = PBXFileReference; lastKnownFileType = sourcecode.swift; path = NotesAppUITests.swift; sourceTree = "<group>"; };
		DE878B70269C064D00405D5A /* Info.plist */ = {isa = PBXFileReference; lastKnownFileType = text.plist.xml; path = Info.plist; sourceTree = "<group>"; };
		DE878B7C269C0AF100405D5A /* LoginVC.swift */ = {isa = PBXFileReference; lastKnownFileType = sourcecode.swift; path = LoginVC.swift; sourceTree = "<group>"; };
		DE878B7E269C0BC300405D5A /* FileVC.swift */ = {isa = PBXFileReference; lastKnownFileType = sourcecode.swift; path = FileVC.swift; sourceTree = "<group>"; };
		DE878B82269C0CF000405D5A /* ContentVC.swift */ = {isa = PBXFileReference; lastKnownFileType = sourcecode.swift; path = ContentVC.swift; sourceTree = "<group>"; };
/* End PBXFileReference section */

/* Begin PBXFrameworksBuildPhase section */
		DE878B46269C064600405D5A /* Frameworks */ = {
			isa = PBXFrameworksBuildPhase;
			buildActionMask = 2147483647;
			files = (
			);
			runOnlyForDeploymentPostprocessing = 0;
		};
		DE878B5C269C064D00405D5A /* Frameworks */ = {
			isa = PBXFrameworksBuildPhase;
			buildActionMask = 2147483647;
			files = (
			);
			runOnlyForDeploymentPostprocessing = 0;
		};
		DE878B67269C064D00405D5A /* Frameworks */ = {
			isa = PBXFrameworksBuildPhase;
			buildActionMask = 2147483647;
			files = (
			);
			runOnlyForDeploymentPostprocessing = 0;
		};
/* End PBXFrameworksBuildPhase section */

/* Begin PBXGroup section */
		DE878B40269C064600405D5A = {
			isa = PBXGroup;
			children = (
				DE878B4B269C064600405D5A /* NotesApp */,
				DE878B62269C064D00405D5A /* NotesAppTests */,
				DE878B6D269C064D00405D5A /* NotesAppUITests */,
				DE878B4A269C064600405D5A /* Products */,
			);
			sourceTree = "<group>";
		};
		DE878B4A269C064600405D5A /* Products */ = {
			isa = PBXGroup;
			children = (
				DE878B49269C064600405D5A /* NotesApp.app */,
				DE878B5F269C064D00405D5A /* NotesAppTests.xctest */,
				DE878B6A269C064D00405D5A /* NotesAppUITests.xctest */,
			);
			name = Products;
			sourceTree = "<group>";
		};
		DE878B4B269C064600405D5A /* NotesApp */ = {
			isa = PBXGroup;
			children = (
				DE878B4C269C064600405D5A /* AppDelegate.swift */,
				DE878B4E269C064600405D5A /* SceneDelegate.swift */,
				DE878B50269C064600405D5A /* ViewController.swift */,
				DE878B7C269C0AF100405D5A /* LoginVC.swift */,
				DE878B7E269C0BC300405D5A /* FileVC.swift */,
				DE878B82269C0CF000405D5A /* ContentVC.swift */,
				DE878B52269C064600405D5A /* Main.storyboard */,
				DE878B55269C064C00405D5A /* Assets.xcassets */,
				DE878B57269C064C00405D5A /* LaunchScreen.storyboard */,
				DE878B5A269C064C00405D5A /* Info.plist */,
			);
			path = NotesApp;
			sourceTree = "<group>";
		};
		DE878B62269C064D00405D5A /* NotesAppTests */ = {
			isa = PBXGroup;
			children = (
				DE878B63269C064D00405D5A /* NotesAppTests.swift */,
				DE878B65269C064D00405D5A /* Info.plist */,
			);
			path = NotesAppTests;
			sourceTree = "<group>";
		};
		DE878B6D269C064D00405D5A /* NotesAppUITests */ = {
			isa = PBXGroup;
			children = (
				DE878B6E269C064D00405D5A /* NotesAppUITests.swift */,
				DE878B70269C064D00405D5A /* Info.plist */,
			);
			path = NotesAppUITests;
			sourceTree = "<group>";
		};
/* End PBXGroup section */

/* Begin PBXNativeTarget section */
		DE878B48269C064600405D5A /* NotesApp */ = {
			isa = PBXNativeTarget;
			buildConfigurationList = DE878B73269C064D00405D5A /* Build configuration list for PBXNativeTarget "NotesApp" */;
			buildPhases = (
				DE878B45269C064600405D5A /* Sources */,
				DE878B46269C064600405D5A /* Frameworks */,
				DE878B47269C064600405D5A /* Resources */,
			);
			buildRules = (
			);
			dependencies = (
			);
			name = NotesApp;
			productName = NotesApp;
			productReference = DE878B49269C064600405D5A /* NotesApp.app */;
			productType = "com.apple.product-type.application";
		};
		DE878B5E269C064D00405D5A /* NotesAppTests */ = {
			isa = PBXNativeTarget;
			buildConfigurationList = DE878B76269C064D00405D5A /* Build configuration list for PBXNativeTarget "NotesAppTests" */;
			buildPhases = (
				DE878B5B269C064D00405D5A /* Sources */,
				DE878B5C269C064D00405D5A /* Frameworks */,
				DE878B5D269C064D00405D5A /* Resources */,
			);
			buildRules = (
			);
			dependencies = (
				DE878B61269C064D00405D5A /* PBXTargetDependency */,
			);
			name = NotesAppTests;
			productName = NotesAppTests;
			productReference = DE878B5F269C064D00405D5A /* NotesAppTests.xctest */;
			productType = "com.apple.product-type.bundle.unit-test";
		};
		DE878B69269C064D00405D5A /* NotesAppUITests */ = {
			isa = PBXNativeTarget;
			buildConfigurationList = DE878B79269C064D00405D5A /* Build configuration list for PBXNativeTarget "NotesAppUITests" */;
			buildPhases = (
				DE878B66269C064D00405D5A /* Sources */,
				DE878B67269C064D00405D5A /* Frameworks */,
				DE878B68269C064D00405D5A /* Resources */,
			);
			buildRules = (
			);
			dependencies = (
				DE878B6C269C064D00405D5A /* PBXTargetDependency */,
			);
			name = NotesAppUITests;
			productName = NotesAppUITests;
			productReference = DE878B6A269C064D00405D5A /* NotesAppUITests.xctest */;
			productType = "com.apple.product-type.bundle.ui-testing";
		};
/* End PBXNativeTarget section */

/* Begin PBXProject section */
		DE878B41269C064600405D5A /* Project object */ = {
			isa = PBXProject;
			attributes = {
				LastSwiftUpdateCheck = 1250;
				LastUpgradeCheck = 1250;
				TargetAttributes = {
					DE878B48269C064600405D5A = {
						CreatedOnToolsVersion = 12.5.1;
					};
					DE878B5E269C064D00405D5A = {
						CreatedOnToolsVersion = 12.5.1;
						TestTargetID = DE878B48269C064600405D5A;
					};
					DE878B69269C064D00405D5A = {
						CreatedOnToolsVersion = 12.5.1;
						TestTargetID = DE878B48269C064600405D5A;
					};
				};
			};
			buildConfigurationList = DE878B44269C064600405D5A /* Build configuration list for PBXProject "NotesApp" */;
			compatibilityVersion = "Xcode 9.3";
			developmentRegion = en;
			hasScannedForEncodings = 0;
			knownRegions = (
				en,
				Base,
			);
			mainGroup = DE878B40269C064600405D5A;
			productRefGroup = DE878B4A269C064600405D5A /* Products */;
			projectDirPath = "";
			projectRoot = "";
			targets = (
				DE878B48269C064600405D5A /* NotesApp */,
				DE878B5E269C064D00405D5A /* NotesAppTests */,
				DE878B69269C064D00405D5A /* NotesAppUITests */,
			);
		};
/* End PBXProject section */

/* Begin PBXResourcesBuildPhase section */
		DE878B47269C064600405D5A /* Resources */ = {
			isa = PBXResourcesBuildPhase;
			buildActionMask = 2147483647;
			files = (
				DE878B59269C064C00405D5A /* LaunchScreen.storyboard in Resources */,
				DE878B56269C064C00405D5A /* Assets.xcassets in Resources */,
				DE878B54269C064600405D5A /* Main.storyboard in Resources */,
			);
			runOnlyForDeploymentPostprocessing = 0;
		};
		DE878B5D269C064D00405D5A /* Resources */ = {
			isa = PBXResourcesBuildPhase;
			buildActionMask = 2147483647;
			files = (
			);
			runOnlyForDeploymentPostprocessing = 0;
		};
		DE878B68269C064D00405D5A /* Resources */ = {
			isa = PBXResourcesBuildPhase;
			buildActionMask = 2147483647;
			files = (
			);
			runOnlyForDeploymentPostprocessing = 0;
		};
/* End PBXResourcesBuildPhase section */

/* Begin PBXSourcesBuildPhase section */
		DE878B45269C064600405D5A /* Sources */ = {
			isa = PBXSourcesBuildPhase;
			buildActionMask = 2147483647;
			files = (
				DE878B7F269C0BC300405D5A /* FileVC.swift in Sources */,
				DE878B51269C064600405D5A /* ViewController.swift in Sources */,
				DE878B83269C0CF000405D5A /* ContentVC.swift in Sources */,
				DE878B4D269C064600405D5A /* AppDelegate.swift in Sources */,
				DE878B7D269C0AF100405D5A /* LoginVC.swift in Sources */,
				DE878B4F269C064600405D5A /* SceneDelegate.swift in Sources */,
			);
			runOnlyForDeploymentPostprocessing = 0;
		};
		DE878B5B269C064D00405D5A /* Sources */ = {
			isa = PBXSourcesBuildPhase;
			buildActionMask = 2147483647;
			files = (
				DE878B64269C064D00405D5A /* NotesAppTests.swift in Sources */,
			);
			runOnlyForDeploymentPostprocessing = 0;
		};
		DE878B66269C064D00405D5A /* Sources */ = {
			isa = PBXSourcesBuildPhase;
			buildActionMask = 2147483647;
			files = (
				DE878B6F269C064D00405D5A /* NotesAppUITests.swift in Sources */,
			);
			runOnlyForDeploymentPostprocessing = 0;
		};
/* End PBXSourcesBuildPhase section */

/* Begin PBXTargetDependency section */
		DE878B61269C064D00405D5A /* PBXTargetDependency */ = {
			isa = PBXTargetDependency;
			target = DE878B48269C064600405D5A /* NotesApp */;
			targetProxy = DE878B60269C064D00405D5A /* PBXContainerItemProxy */;
		};
		DE878B6C269C064D00405D5A /* PBXTargetDependency */ = {
			isa = PBXTargetDependency;
			target = DE878B48269C064600405D5A /* NotesApp */;
			targetProxy = DE878B6B269C064D00405D5A /* PBXContainerItemProxy */;
		};
/* End PBXTargetDependency section */

/* Begin PBXVariantGroup section */
		DE878B52269C064600405D5A /* Main.storyboard */ = {
			isa = PBXVariantGroup;
			children = (
				DE878B53269C064600405D5A /* Base */,
			);
			name = Main.storyboard;
			sourceTree = "<group>";
		};
		DE878B57269C064C00405D5A /* LaunchScreen.storyboard */ = {
			isa = PBXVariantGroup;
			children = (
				DE878B58269C064C00405D5A /* Base */,
			);
			name = LaunchScreen.storyboard;
			sourceTree = "<group>";
		};
/* End PBXVariantGroup section */

/* Begin XCBuildConfiguration section */
		DE878B71269C064D00405D5A /* Debug */ = {
			isa = XCBuildConfiguration;
			buildSettings = {
				ALWAYS_SEARCH_USER_PATHS = NO;
				CLANG_ANALYZER_NONNULL = YES;
				CLANG_ANALYZER_NUMBER_OBJECT_CONVERSION = YES_AGGRESSIVE;
				CLANG_CXX_LANGUAGE_STANDARD = "gnu++14";
				CLANG_CXX_LIBRARY = "libc++";
				CLANG_ENABLE_MODULES = YES;
				CLANG_ENABLE_OBJC_ARC = YES;
				CLANG_ENABLE_OBJC_WEAK = YES;
				CLANG_WARN_BLOCK_CAPTURE_AUTORELEASING = YES;
				CLANG_WARN_BOOL_CONVERSION = YES;
				CLANG_WARN_COMMA = YES;
				CLANG_WARN_CONSTANT_CONVERSION = YES;
				CLANG_WARN_DEPRECATED_OBJC_IMPLEMENTATIONS = YES;
				CLANG_WARN_DIRECT_OBJC_ISA_USAGE = YES_ERROR;
				CLANG_WARN_DOCUMENTATION_COMMENTS = YES;
				CLANG_WARN_EMPTY_BODY = YES;
				CLANG_WARN_ENUM_CONVERSION = YES;
				CLANG_WARN_INFINITE_RECURSION = YES;
				CLANG_WARN_INT_CONVERSION = YES;
				CLANG_WARN_NON_LITERAL_NULL_CONVERSION = YES;
				CLANG_WARN_OBJC_IMPLICIT_RETAIN_SELF = YES;
				CLANG_WARN_OBJC_LITERAL_CONVERSION = YES;
				CLANG_WARN_OBJC_ROOT_CLASS = YES_ERROR;
				CLANG_WARN_QUOTED_INCLUDE_IN_FRAMEWORK_HEADER = YES;
				CLANG_WARN_RANGE_LOOP_ANALYSIS = YES;
				CLANG_WARN_STRICT_PROTOTYPES = YES;
				CLANG_WARN_SUSPICIOUS_MOVE = YES;
				CLANG_WARN_UNGUARDED_AVAILABILITY = YES_AGGRESSIVE;
				CLANG_WARN_UNREACHABLE_CODE = YES;
				CLANG_WARN__DUPLICATE_METHOD_MATCH = YES;
				COPY_PHASE_STRIP = NO;
				DEBUG_INFORMATION_FORMAT = dwarf;
				ENABLE_STRICT_OBJC_MSGSEND = YES;
				ENABLE_TESTABILITY = YES;
				GCC_C_LANGUAGE_STANDARD = gnu11;
				GCC_DYNAMIC_NO_PIC = NO;
				GCC_NO_COMMON_BLOCKS = YES;
				GCC_OPTIMIZATION_LEVEL = 0;
				GCC_PREPROCESSOR_DEFINITIONS = (
					"DEBUG=1",
					"$(inherited)",
				);
				GCC_WARN_64_TO_32_BIT_CONVERSION = YES;
				GCC_WARN_ABOUT_RETURN_TYPE = YES_ERROR;
				GCC_WARN_UNDECLARED_SELECTOR = YES;
				GCC_WARN_UNINITIALIZED_AUTOS = YES_AGGRESSIVE;
				GCC_WARN_UNUSED_FUNCTION = YES;
				GCC_WARN_UNUSED_VARIABLE = YES;
				IPHONEOS_DEPLOYMENT_TARGET = 14.5;
				MTL_ENABLE_DEBUG_INFO = INCLUDE_SOURCE;
				MTL_FAST_MATH = YES;
				ONLY_ACTIVE_ARCH = YES;
				SDKROOT = iphoneos;
				SWIFT_ACTIVE_COMPILATION_CONDITIONS = DEBUG;
				SWIFT_OPTIMIZATION_LEVEL = "-Onone";
			};
			name = Debug;
		};
		DE878B72269C064D00405D5A /* Release */ = {
			isa = XCBuildConfiguration;
			buildSettings = {
				ALWAYS_SEARCH_USER_PATHS = NO;
				CLANG_ANALYZER_NONNULL = YES;
				CLANG_ANALYZER_NUMBER_OBJECT_CONVERSION = YES_AGGRESSIVE;
				CLANG_CXX_LANGUAGE_STANDARD = "gnu++14";
				CLANG_CXX_LIBRARY = "libc++";
				CLANG_ENABLE_MODULES = YES;
				CLANG_ENABLE_OBJC_ARC = YES;
				CLANG_ENABLE_OBJC_WEAK = YES;
				CLANG_WARN_BLOCK_CAPTURE_AUTORELEASING = YES;
				CLANG_WARN_BOOL_CONVERSION = YES;
				CLANG_WARN_COMMA = YES;
				CLANG_WARN_CONSTANT_CONVERSION = YES;
				CLANG_WARN_DEPRECATED_OBJC_IMPLEMENTATIONS = YES;
				CLANG_WARN_DIRECT_OBJC_ISA_USAGE = YES_ERROR;
				CLANG_WARN_DOCUMENTATION_COMMENTS = YES;
				CLANG_WARN_EMPTY_BODY = YES;
				CLANG_WARN_ENUM_CONVERSION = YES;
				CLANG_WARN_INFINITE_RECURSION = YES;
				CLANG_WARN_INT_CONVERSION = YES;
				CLANG_WARN_NON_LITERAL_NULL_CONVERSION = YES;
				CLANG_WARN_OBJC_IMPLICIT_RETAIN_SELF = YES;
				CLANG_WARN_OBJC_LITERAL_CONVERSION = YES;
				CLANG_WARN_OBJC_ROOT_CLASS = YES_ERROR;
				CLANG_WARN_QUOTED_INCLUDE_IN_FRAMEWORK_HEADER = YES;
				CLANG_WARN_RANGE_LOOP_ANALYSIS = YES;
				CLANG_WARN_STRICT_PROTOTYPES = YES;
				CLANG_WARN_SUSPICIOUS_MOVE = YES;
				CLANG_WARN_UNGUARDED_AVAILABILITY = YES_AGGRESSIVE;
				CLANG_WARN_UNREACHABLE_CODE = YES;
				CLANG_WARN__DUPLICATE_METHOD_MATCH = YES;
				COPY_PHASE_STRIP = NO;
				DEBUG_INFORMATION_FORMAT = "dwarf-with-dsym";
				ENABLE_NS_ASSERTIONS = NO;
				ENABLE_STRICT_OBJC_MSGSEND = YES;
				GCC_C_LANGUAGE_STANDARD = gnu11;
				GCC_NO_COMMON_BLOCKS = YES;
				GCC_WARN_64_TO_32_BIT_CONVERSION = YES;
				GCC_WARN_ABOUT_RETURN_TYPE = YES_ERROR;
				GCC_WARN_UNDECLARED_SELECTOR = YES;
				GCC_WARN_UNINITIALIZED_AUTOS = YES_AGGRESSIVE;
				GCC_WARN_UNUSED_FUNCTION = YES;
				GCC_WARN_UNUSED_VARIABLE = YES;
				IPHONEOS_DEPLOYMENT_TARGET = 14.5;
				MTL_ENABLE_DEBUG_INFO = NO;
				MTL_FAST_MATH = YES;
				SDKROOT = iphoneos;
				SWIFT_COMPILATION_MODE = wholemodule;
				SWIFT_OPTIMIZATION_LEVEL = "-O";
				VALIDATE_PRODUCT = YES;
			};
			name = Release;
		};
		DE878B74269C064D00405D5A /* Debug */ = {
			isa = XCBuildConfiguration;
			buildSettings = {
				ASSETCATALOG_COMPILER_APPICON_NAME = AppIcon;
				ASSETCATALOG_COMPILER_GLOBAL_ACCENT_COLOR_NAME = AccentColor;
				CODE_SIGN_STYLE = Automatic;
				INFOPLIST_FILE = NotesApp/Info.plist;
				LD_RUNPATH_SEARCH_PATHS = (
					"$(inherited)",
					"@executable_path/Frameworks",
				);
				PRODUCT_BUNDLE_IDENTIFIER = Jinal.NotesApp;
				PRODUCT_NAME = "$(TARGET_NAME)";
				SWIFT_VERSION = 5.0;
				TARGETED_DEVICE_FAMILY = "1,2";
			};
			name = Debug;
		};
		DE878B75269C064D00405D5A /* Release */ = {
			isa = XCBuildConfiguration;
			buildSettings = {
				ASSETCATALOG_COMPILER_APPICON_NAME = AppIcon;
				ASSETCATALOG_COMPILER_GLOBAL_ACCENT_COLOR_NAME = AccentColor;
				CODE_SIGN_STYLE = Automatic;
				INFOPLIST_FILE = NotesApp/Info.plist;
				LD_RUNPATH_SEARCH_PATHS = (
					"$(inherited)",
					"@executable_path/Frameworks",
				);
				PRODUCT_BUNDLE_IDENTIFIER = Jinal.NotesApp;
				PRODUCT_NAME = "$(TARGET_NAME)";
				SWIFT_VERSION = 5.0;
				TARGETED_DEVICE_FAMILY = "1,2";
			};
			name = Release;
		};
		DE878B77269C064D00405D5A /* Debug */ = {
			isa = XCBuildConfiguration;
			buildSettings = {
				ALWAYS_EMBED_SWIFT_STANDARD_LIBRARIES = YES;
				BUNDLE_LOADER = "$(TEST_HOST)";
				CODE_SIGN_STYLE = Automatic;
				INFOPLIST_FILE = NotesAppTests/Info.plist;
				IPHONEOS_DEPLOYMENT_TARGET = 14.5;
				LD_RUNPATH_SEARCH_PATHS = (
					"$(inherited)",
					"@executable_path/Frameworks",
					"@loader_path/Frameworks",
				);
				PRODUCT_BUNDLE_IDENTIFIER = Jinal.NotesAppTests;
				PRODUCT_NAME = "$(TARGET_NAME)";
				SWIFT_VERSION = 5.0;
				TARGETED_DEVICE_FAMILY = "1,2";
				TEST_HOST = "$(BUILT_PRODUCTS_DIR)/NotesApp.app/NotesApp";
			};
			name = Debug;
		};
		DE878B78269C064D00405D5A /* Release */ = {
			isa = XCBuildConfiguration;
			buildSettings = {
				ALWAYS_EMBED_SWIFT_STANDARD_LIBRARIES = YES;
				BUNDLE_LOADER = "$(TEST_HOST)";
				CODE_SIGN_STYLE = Automatic;
				INFOPLIST_FILE = NotesAppTests/Info.plist;
				IPHONEOS_DEPLOYMENT_TARGET = 14.5;
				LD_RUNPATH_SEARCH_PATHS = (
					"$(inherited)",
					"@executable_path/Frameworks",
					"@loader_path/Frameworks",
				);
				PRODUCT_BUNDLE_IDENTIFIER = Jinal.NotesAppTests;
				PRODUCT_NAME = "$(TARGET_NAME)";
				SWIFT_VERSION = 5.0;
				TARGETED_DEVICE_FAMILY = "1,2";
				TEST_HOST = "$(BUILT_PRODUCTS_DIR)/NotesApp.app/NotesApp";
			};
			name = Release;
		};
		DE878B7A269C064D00405D5A /* Debug */ = {
			isa = XCBuildConfiguration;
			buildSettings = {
				ALWAYS_EMBED_SWIFT_STANDARD_LIBRARIES = YES;
				CODE_SIGN_STYLE = Automatic;
				INFOPLIST_FILE = NotesAppUITests/Info.plist;
				LD_RUNPATH_SEARCH_PATHS = (
					"$(inherited)",
					"@executable_path/Frameworks",
					"@loader_path/Frameworks",
				);
				PRODUCT_BUNDLE_IDENTIFIER = Jinal.NotesAppUITests;
				PRODUCT_NAME = "$(TARGET_NAME)";
				SWIFT_VERSION = 5.0;
				TARGETED_DEVICE_FAMILY = "1,2";
				TEST_TARGET_NAME = NotesApp;
			};
			name = Debug;
		};
		DE878B7B269C064D00405D5A /* Release */ = {
			isa = XCBuildConfiguration;
			buildSettings = {
				ALWAYS_EMBED_SWIFT_STANDARD_LIBRARIES = YES;
				CODE_SIGN_STYLE = Automatic;
				INFOPLIST_FILE = NotesAppUITests/Info.plist;
				LD_RUNPATH_SEARCH_PATHS = (
					"$(inherited)",
					"@executable_path/Frameworks",
					"@loader_path/Frameworks",
				);
				PRODUCT_BUNDLE_IDENTIFIER = Jinal.NotesAppUITests;
				PRODUCT_NAME = "$(TARGET_NAME)";
				SWIFT_VERSION = 5.0;
				TARGETED_DEVICE_FAMILY = "1,2";
				TEST_TARGET_NAME = NotesApp;
			};
			name = Release;
		};
/* End XCBuildConfiguration section */

/* Begin XCConfigurationList section */
		DE878B44269C064600405D5A /* Build configuration list for PBXProject "NotesApp" */ = {
			isa = XCConfigurationList;
			buildConfigurations = (
				DE878B71269C064D00405D5A /* Debug */,
				DE878B72269C064D00405D5A /* Release */,
			);
			defaultConfigurationIsVisible = 0;
			defaultConfigurationName = Release;
		};
		DE878B73269C064D00405D5A /* Build configuration list for PBXNativeTarget "NotesApp" */ = {
			isa = XCConfigurationList;
			buildConfigurations = (
				DE878B74269C064D00405D5A /* Debug */,
				DE878B75269C064D00405D5A /* Release */,
			);
			defaultConfigurationIsVisible = 0;
			defaultConfigurationName = Release;
		};
		DE878B76269C064D00405D5A /* Build configuration list for PBXNativeTarget "NotesAppTests" */ = {
			isa = XCConfigurationList;
			buildConfigurations = (
				DE878B77269C064D00405D5A /* Debug */,
				DE878B78269C064D00405D5A /* Release */,
			);
			defaultConfigurationIsVisible = 0;
			defaultConfigurationName = Release;
		};
		DE878B79269C064D00405D5A /* Build configuration list for PBXNativeTarget "NotesAppUITests" */ = {
			isa = XCConfigurationList;
			buildConfigurations = (
				DE878B7A269C064D00405D5A /* Debug */,
				DE878B7B269C064D00405D5A /* Release */,
			);
			defaultConfigurationIsVisible = 0;
			defaultConfigurationName = Release;
		};
/* End XCConfigurationList section */
	};
	rootObject = DE878B41269C064600405D5A /* Project object */;
}
